<?xml version="1.0" encoding="utf-8"?>
<Project ToolsVersion="15.0" xmlns="http://schemas.microsoft.com/developer/msbuild/2003">
  <ItemGroup>
    <ClCompile Include="Text.cpp">
      <Filter>Headers</Filter>
    </ClCompile>
    <ClCompile Include="ShaderProgram.cpp">
      <Filter>Source Code</Filter>
    </ClCompile>
    <ClCompile Include="Shader.cpp">
      <Filter>Source Code</Filter>
    </ClCompile>
    <ClCompile Include="Quad.cpp">
      <Filter>Source Code</Filter>
    </ClCompile>
    <ClCompile Include="main.cpp">
      <Filter>Source Code</Filter>
    </ClCompile>
    <ClCompile Include="Game.cpp">
      <Filter>Source Code</Filter>
    </ClCompile>
    <ClCompile Include="Texture.cpp">
      <Filter>Source Code</Filter>
    </ClCompile>
    <ClCompile Include="TexturedQuad.cpp">
      <Filter>Source Code</Filter>
    </ClCompile>
    <ClCompile Include="MaskedTexturedQuad.cpp" />
    <ClCompile Include="Menu.cpp" />
    <ClCompile Include="PlayScene.cpp" />
    <ClCompile Include="Sprite.cpp" />
    <ClCompile Include="VariableTexture.cpp" />
    <ClCompile Include="Credits.cpp" />
    <ClCompile Include="InstructionsScene.cpp" />
    <ClCompile Include="Lemming.cpp" />
  </ItemGroup>
  <ItemGroup>
    <ClInclude Include="Game.h">
      <Filter>Headers</Filter>
    </ClInclude>
    <ClInclude Include="Quad.h">
      <Filter>Headers</Filter>
    </ClInclude>
    <ClInclude Include="Scene.h">
      <Filter>Headers</Filter>
    </ClInclude>
    <ClInclude Include="Shader.h">
      <Filter>Headers</Filter>
    </ClInclude>
    <ClInclude Include="ShaderProgram.h">
      <Filter>Headers</Filter>
    </ClInclude>
    <ClInclude Include="Texture.h">
      <Filter>Headers</Filter>
    </ClInclude>
    <ClInclude Include="TexturedQuad.h">
      <Filter>Headers</Filter>
    </ClInclude>
    <ClInclude Include="Text.h">
      <Filter>Headers</Filter>
    </ClInclude>
    <ClInclude Include="AnimKeyframes.h" />
    <ClInclude Include="common_defs.h" />
    <ClInclude Include="MaskedTexturedQuad.h" />
    <ClInclude Include="Menu.h" />
    <ClInclude Include="PlayScene.h" />
    <ClInclude Include="Sprite.h" />
    <ClInclude Include="VariableTexture.h" />
    <ClInclude Include="Credits.h" />
    <ClInclude Include="InstructionsScene.h" />
    <ClInclude Include="Lemming.h" />
  </ItemGroup>
  <ItemGroup>
    <Filter Include="Headers">
      <UniqueIdentifier>{85735267-cec9-4390-b838-dbebcbc5eae4}</UniqueIdentifier>
    </Filter>
    <Filter Include="Source Code">
      <UniqueIdentifier>{3e40b0fc-6e68-4b81-a4fe-e758209afb2c}</UniqueIdentifier>
    </Filter>
  </ItemGroup>
</Project>