<?xml version="1.0" encoding="utf-8"?>
<Project ToolsVersion="15.0" xmlns="http://schemas.microsoft.com/developer/msbuild/2003">
  <ItemGroup>
    <ClCompile Include="ShaderProgram.cpp">
      <Filter>Source Code</Filter>
    </ClCompile>
    <ClCompile Include="Shader.cpp">
      <Filter>Source Code</Filter>
    </ClCompile>
    <ClCompile Include="Quad.cpp">
      <Filter>Source Code</Filter>
    </ClCompile>
    <ClCompile Include="main.cpp">
      <Filter>Source Code</Filter>
    </ClCompile>
    <ClCompile Include="Game.cpp">
      <Filter>Source Code</Filter>
    </ClCompile>
    <ClCompile Include="Texture.cpp">
      <Filter>Source Code</Filter>
    </ClCompile>
    <ClCompile Include="TexturedQuad.cpp">
      <Filter>Source Code</Filter>
    </ClCompile>
    <ClCompile Include="Text.cpp">
      <Filter>Source Code</Filter>
    </ClCompile>
    <ClCompile Include="VariableTexture.cpp">
      <Filter>Source Code</Filter>
    </ClCompile>
    <ClCompile Include="Sprite.cpp">
      <Filter>Source Code</Filter>
    </ClCompile>
    <ClCompile Include="PlayScene.cpp">
      <Filter>Source Code</Filter>
    </ClCompile>
    <ClCompile Include="Menu.cpp">
      <Filter>Source Code</Filter>
    </ClCompile>
    <ClCompile Include="MaskedTexturedQuad.cpp">
      <Filter>Source Code</Filter>
    </ClCompile>
    <ClCompile Include="Lemming.cpp">
      <Filter>Source Code</Filter>
    </ClCompile>
    <ClCompile Include="InstructionsScene.cpp">
      <Filter>Source Code</Filter>
    </ClCompile>
    <ClCompile Include="Credits.cpp">
      <Filter>Source Code</Filter>
    </ClCompile>
    <ClCompile Include="EntityManager.cpp">
      <Filter>Source Code</Filter>
    </ClCompile>
    <ClCompile Include="Estado.cpp">
      <Filter>Source Code</Filter>
    </ClCompile>
    <ClCompile Include="StartScene.cpp">
      <Filter>Source Code</Filter>
    </ClCompile>
    <ClCompile Include="Cursor.cpp">
      <Filter>Source Code</Filter>
    </ClCompile>
    <ClCompile Include="AudioEngine.cpp">
      <Filter>Source Code</Filter>
    </ClCompile>
    <ClCompile Include="Button.cpp">
      <Filter>Source Code</Filter>
    </ClCompile>
    <ClCompile Include="DoorEnd.cpp">
      <Filter>Source Code</Filter>
    </ClCompile>
    <ClCompile Include="DoorStart.cpp">
      <Filter>Source Code</Filter>
    </ClCompile>
    <ClCompile Include="InterfazUsuario.cpp">
      <Filter>Source Code</Filter>
    </ClCompile>
    <ClCompile Include="TextProcessor.cpp">
      <Filter>Source Code</Filter>
    </ClCompile>
    <ClCompile Include="EndScene.cpp" />
  </ItemGroup>
  <ItemGroup>
    <ClInclude Include="Game.h">
      <Filter>Headers</Filter>
    </ClInclude>
    <ClInclude Include="Quad.h">
      <Filter>Headers</Filter>
    </ClInclude>
    <ClInclude Include="Scene.h">
      <Filter>Headers</Filter>
    </ClInclude>
    <ClInclude Include="Shader.h">
      <Filter>Headers</Filter>
    </ClInclude>
    <ClInclude Include="ShaderProgram.h">
      <Filter>Headers</Filter>
    </ClInclude>
    <ClInclude Include="Texture.h">
      <Filter>Headers</Filter>
    </ClInclude>
    <ClInclude Include="TexturedQuad.h">
      <Filter>Headers</Filter>
    </ClInclude>
    <ClInclude Include="Text.h">
      <Filter>Headers</Filter>
    </ClInclude>
    <ClInclude Include="AnimKeyframes.h">
      <Filter>Headers</Filter>
    </ClInclude>
    <ClInclude Include="common_defs.h">
      <Filter>Headers</Filter>
    </ClInclude>
    <ClInclude Include="InstructionsScene.h">
      <Filter>Headers</Filter>
    </ClInclude>
    <ClInclude Include="Lemming.h">
      <Filter>Headers</Filter>
    </ClInclude>
    <ClInclude Include="MaskedTexturedQuad.h">
      <Filter>Headers</Filter>
    </ClInclude>
    <ClInclude Include="Menu.h">
      <Filter>Headers</Filter>
    </ClInclude>
    <ClInclude Include="PlayScene.h">
      <Filter>Headers</Filter>
    </ClInclude>
    <ClInclude Include="Sprite.h">
      <Filter>Headers</Filter>
    </ClInclude>
    <ClInclude Include="VariableTexture.h">
      <Filter>Headers</Filter>
    </ClInclude>
    <ClInclude Include="Credits.h">
      <Filter>Headers</Filter>
    </ClInclude>
    <ClInclude Include="EntityManager.h">
      <Filter>Headers</Filter>
    </ClInclude>
    <ClInclude Include="Estado.h">
      <Filter>Headers</Filter>
    </ClInclude>
    <ClInclude Include="StartScene.h">
      <Filter>Headers</Filter>
    </ClInclude>
    <ClInclude Include="Cursor.h">
      <Filter>Headers</Filter>
    </ClInclude>
    <ClInclude Include="AudioEngine.h">
      <Filter>Headers</Filter>
    </ClInclude>
    <ClInclude Include="Button.h">
      <Filter>Headers</Filter>
    </ClInclude>
    <ClInclude Include="DoorEnd.h">
      <Filter>Headers</Filter>
    </ClInclude>
    <ClInclude Include="DoorStart.h">
      <Filter>Headers</Filter>
    </ClInclude>
    <ClInclude Include="InterfazUsuario.h">
      <Filter>Headers</Filter>
    </ClInclude>
    <ClInclude Include="TextProcessor.h">
      <Filter>Headers</Filter>
    </ClInclude>
    <ClInclude Include="EndScene.h" />
  </ItemGroup>
  <ItemGroup>
    <Filter Include="Headers">
      <UniqueIdentifier>{85735267-cec9-4390-b838-dbebcbc5eae4}</UniqueIdentifier>
    </Filter>
    <Filter Include="Source Code">
      <UniqueIdentifier>{3e40b0fc-6e68-4b81-a4fe-e758209afb2c}</UniqueIdentifier>
    </Filter>
  </ItemGroup>
</Project>